
Microsoft Visual Studio Solution File, Format Version 12.00
# Visual Studio Version 16
VisualStudioVersion = 16.0.29009.5
MinimumVisualStudioVersion = 10.0.40219.1
Project("{FAE04EC0-301F-11D3-BF4B-00C04F79EFBC}") = "User_Interface", "User_Interface\User_Interface.csproj", "{639D294A-C2D3-4D4D-9CD2-627F75BED235}"
EndProject
Project("{FAE04EC0-301F-11D3-BF4B-00C04F79EFBC}") = "Core", "Core\Core.csproj", "{933C7B3F-B72B-4C30-B667-29DE72550A29}"
EndProject
Project("{FAE04EC0-301F-11D3-BF4B-00C04F79EFBC}") = "UnitTests", "UnitTests\UnitTests.csproj", "{2920B632-731B-4AED-B333-78EF8FA2C5BD}"
EndProject
Global
	GlobalSection(SolutionConfigurationPlatforms) = preSolution
		Debug|Any CPU = Debug|Any CPU
		Release|Any CPU = Release|Any CPU
	EndGlobalSection
	GlobalSection(ProjectConfigurationPlatforms) = postSolution
		{639D294A-C2D3-4D4D-9CD2-627F75BED235}.Debug|Any CPU.ActiveCfg = Debug|Any CPU
		{639D294A-C2D3-4D4D-9CD2-627F75BED235}.Debug|Any CPU.Build.0 = Debug|Any CPU
		{639D294A-C2D3-4D4D-9CD2-627F75BED235}.Release|Any CPU.ActiveCfg = Release|Any CPU
		{639D294A-C2D3-4D4D-9CD2-627F75BED235}.Release|Any CPU.Build.0 = Release|Any CPU
		{933C7B3F-B72B-4C30-B667-29DE72550A29}.Debug|Any CPU.ActiveCfg = Debug|Any CPU
		{933C7B3F-B72B-4C30-B667-29DE72550A29}.Debug|Any CPU.Build.0 = Debug|Any CPU
		{933C7B3F-B72B-4C30-B667-29DE72550A29}.Release|Any CPU.ActiveCfg = Release|Any CPU
		{933C7B3F-B72B-4C30-B667-29DE72550A29}.Release|Any CPU.Build.0 = Release|Any CPU
		{2920B632-731B-4AED-B333-78EF8FA2C5BD}.Debug|Any CPU.ActiveCfg = Debug|Any CPU
		{2920B632-731B-4AED-B333-78EF8FA2C5BD}.Debug|Any CPU.Build.0 = Debug|Any CPU
		{2920B632-731B-4AED-B333-78EF8FA2C5BD}.Release|Any CPU.ActiveCfg = Release|Any CPU
		{2920B632-731B-4AED-B333-78EF8FA2C5BD}.Release|Any CPU.Build.0 = Release|Any CPU
	EndGlobalSection
	GlobalSection(SolutionProperties) = preSolution
		HideSolutionNode = FALSE
	EndGlobalSection
	GlobalSection(ExtensibilityGlobals) = postSolution
		SolutionGuid = {EEB1C65B-1A2D-4597-9817-8D5B53EBE5EB}
	EndGlobalSection
EndGlobal
